# This file is autogenerated, do not edit; changes may be undone by the next 'dep ensure'.


[[projects]]
  digest = "1:ebe5a08de85b249031c22bdf7ea4120be2b8e4751cb647ef8aa829774aa87225"
  name = "github.com/Clever/kayvee-go"
  packages = ["logger"]
  pruneopts = ""
  revision = "1e2557bcbd6982e6303c364505d1c129ede8f2ee"
  version = "v6.17.0"

[[projects]]
  branch = "master"
  digest = "1:1f273b6adf2831b264e560997826e67aad7d6498afa0b70375a382a5a5c986b4"
  name = "github.com/Clever/who-is-who"
  packages = ["go-client"]
  pruneopts = ""
  revision = "dd3fec4d88c76ee28b41a1f4ec65c717b2fcc7b9"

[[projects]]
  digest = "1:56c130d885a4aacae1dd9c7b71cfe39912c7ebc1ff7d2b46083c8812996dc43b"
  name = "github.com/davecgh/go-spew"
  packages = ["spew"]
  pruneopts = ""
  revision = "346938d642f2ec3594ed81d874461961cd0faa76"
  version = "v1.1.0"

[[projects]]
  branch = "master"
  digest = "1:2a41ca75ac19f2e0d0a7cde791bc0dddc8b66090f1a8509bca8dd8bd9f37a162"
  name = "github.com/golang/mock"
  packages = [
    "gomock",
    "mockgen",
    "mockgen/model",
  ]
  pruneopts = ""
  revision = "140ae90f29eaaadc229f8d4b78f074b7f0611c1e"

[[projects]]
  digest = "1:bcb38c8fc9b21bb8682ce2d605a7d4aeb618abc7f827e3ac0b27c0371fdb23fb"
  name = "github.com/golang/protobuf"
  packages = ["proto"]
  pruneopts = ""
  revision = "925541529c1fa6821df4e44ce2723319eb2be768"
  version = "v1.0.0"

[[projects]]
  branch = "master"
  digest = "1:8999358bdcefe07b904a5b9d62cf8bacaa6e30099a5c30919cd046e42c8d16d8"
  name = "github.com/google/go-github"
  packages = ["github"]
  pruneopts = ""
  revision = "1ce85f4eb585f22e22dbd214dd4610aafa516c4c"

[[projects]]
  branch = "master"
  digest = "1:9abc49f39e3e23e262594bb4fb70abf74c0c99e94f99153f43b143805e850719"
  name = "github.com/google/go-querystring"
  packages = ["query"]
  pruneopts = ""
  revision = "53e6ce116135b80d037921a7fdd5138cf32d7a8a"

[[projects]]
  digest = "1:64d212c703a2b94054be0ce470303286b177ad260b2f89a307e3d1bb6c073ef6"
  name = "github.com/gorilla/websocket"
  packages = ["."]
  pruneopts = ""
  revision = "ea4d1f681babbce9545c9c5f3d5194a789c89f5b"
  version = "v1.2.0"

[[projects]]
  branch = "master"
  digest = "1:f5d25fd7bdda08e39e01193ef94a1ebf7547b1b931bcdec785d08050598f306c"
  name = "github.com/hashicorp/go-cleanhttp"
  packages = ["."]
  pruneopts = ""
  revision = "d5fe4b57a186c716b0e00b8c301cbd9b4182694d"

[[projects]]
  branch = "master"
  digest = "1:16503ad296459b0e65fbe60a5f41c097bd325c3f981fd26a5397bb0edbe3e31c"
  name = "github.com/hashicorp/go-retryablehttp"
  packages = ["."]
  pruneopts = ""
  revision = "e651d75abec6fbd4f2c09508f72ae7af8a8b7171"

[[projects]]
  branch = "master"
  digest = "1:36179642b1ca5213a7aa3b645dca65a39453a757f4b4ce2769f81a3addb77d52"
  name = "github.com/knq/jwt"
  packages = ["."]
  pruneopts = ""
  revision = "fc44a4704737296ab034fd04557f9f1b36cc1612"

[[projects]]
  branch = "master"
  digest = "1:80b492f8b54e0f92270b58aebdfe89ecb47d58fc8f2e30599a517a71f28fdfee"
  name = "github.com/knq/pemutil"
  packages = ["."]
  pruneopts = ""
  revision = "fb6fad722528d308d5fbc9f39e0a9644905ee1cb"

[[projects]]
  digest = "1:9407d3c57389f400ef8c1039e352ce00e2ab97c41bf1babba97c2a6922b7111e"
  name = "github.com/nlopes/slack"
  packages = [
    ".",
    "slackutilsx",
  ]
  pruneopts = ""
  revision = "b9033a72a20bf84563485e86a2adbea4bf265804"
  version = "v0.4.0"

[[projects]]
  digest = "1:7365acd48986e205ccb8652cc746f09c8b7876030d53710ea6ef7d0bd0dcd7ca"
  name = "github.com/pkg/errors"
  packages = ["."]
  pruneopts = ""
  revision = "645ef00459ed84a119197bfb8d8205042c6df63d"
  version = "v0.8.0"

[[projects]]
  digest = "1:256484dbbcd271f9ecebc6795b2df8cad4c458dd0f5fd82a8c2fa0c29f233411"
  name = "github.com/pmezard/go-difflib"
  packages = ["difflib"]
  pruneopts = ""
  revision = "792786c7400a136282c1664665ae0a8db921c6c2"
  version = "v1.0.0"

[[projects]]
  digest = "1:a30066593578732a356dc7e5d7f78d69184ca65aeeff5939241a3ab10559bb06"
  name = "github.com/stretchr/testify"
  packages = ["assert"]
  pruneopts = ""
  revision = "12b6f73e6084dad08a7c6e575284b177ecafbc71"
  version = "v1.2.1"

[[projects]]
  branch = "master"
  digest = "1:ff0671f12ff98386398469e4b44453369fe164563f48ddb6c6b8ce6963379f97"
  name = "github.com/texttheater/golang-levenshtein"
  packages = ["levenshtein"]
  pruneopts = ""
  revision = "d188e65d659ef53fcdb0691c12f1bba64928b649"

[[projects]]
  branch = "master"
  digest = "1:e6338f2518362ff701a556bd76afd90a2168d1c658ec5d1ea1e9c5ef30a7d157"
  name = "github.com/xeipuuv/gojsonpointer"
  packages = ["."]
  pruneopts = ""
  revision = "4e3ac2762d5f479393488629ee9370b50873b3a6"

[[projects]]
  branch = "master"
  digest = "1:604f98a38394d2805a78c462396a4992b93fdd5b7306130add330f1a99ac6b0a"
  name = "github.com/xeipuuv/gojsonreference"
  packages = ["."]
  pruneopts = ""
  revision = "bd5ef7bd5415a7ac448318e64f11a24cd21e594b"

[[projects]]
  branch = "master"
  digest = "1:1f577c872c70359a46504e37a941877a8f6523d2d484941cc8c4d3d78709cfd9"
  name = "github.com/xeipuuv/gojsonschema"
  packages = ["."]
  pruneopts = ""
  revision = "8bcffc811467a5f691810420385be6e66b35a317"

[[projects]]
  branch = "master"
  digest = "1:b6c2b04cb0d9f13f17753062d6cc38295513565bc7012deb14b9492d97a79084"
  name = "golang.org/x/net"
  packages = [
    "context",
    "context/ctxhttp",
  ]
  pruneopts = ""
  revision = "f5dfe339be1d06f81b22525fe34671ee7d2c8904"

[[projects]]
  branch = "master"
  digest = "1:dd57134ebff8e1a1a77c9f145a28cad8470da6bb9053d6ff2bc552ecd7f8bc92"
  name = "golang.org/x/oauth2"
  packages = [
    ".",
    "internal",
  ]
  pruneopts = ""
  revision = "543e37812f10c46c622c9575afd7ad22f22a12ba"

[[projects]]
  branch = "master"
  digest = "1:34989ad3a125626c05638e48e7c640f4b615ffe38f6233f5dbbd0c8f5b89a160"
  name = "golang.org/x/tools"
  packages = [
    "go/ast/astutil",
    "go/gcexportdata",
    "go/internal/gcimporter",
    "go/internal/packagesdriver",
    "go/packages",
    "go/types/typeutil",
    "internal/fastwalk",
    "internal/gopathwalk",
    "internal/semver",
  ]
  pruneopts = ""
  revision = "b012c1979805ea0a881b19587663b3306232cb43"

[[projects]]
  digest = "1:934fb8966f303ede63aa405e2c8d7f0a427a05ea8df335dfdc1833dd4d40756f"
  name = "google.golang.org/appengine"
  packages = [
    "internal",
    "internal/base",
    "internal/datastore",
    "internal/log",
    "internal/remote_api",
    "internal/urlfetch",
    "urlfetch",
  ]
  pruneopts = ""
  revision = "150dc57a1b433e64154302bdc40b6bb8aefa313a"
  version = "v1.0.0"

[[projects]]
  digest = "1:5582fedc9ff5b79bdb48065ff96ead4e24c640ee084ee913c0496931ef21d64c"
  name = "gopkg.in/Clever/discovery-go.v1"
  packages = ["."]
  pruneopts = ""
  revision = "b2114f3bdf1c55f030cf6d6d457478ccb18b9e9c"
  version = "v1.7.1"

[[projects]]
  digest = "1:a4def2c682400fa6cbe31fd23cd3a698114b09fdfddb9f88b0c193245178ac47"
  name = "gopkg.in/Clever/kayvee-go.v6"
  packages = [
    ".",
    "logger",
    "router",
  ]
  pruneopts = ""
  revision = "e1e6fd8184162847c1123645e7058347a2fd3959"
  version = "v6.10.0"

[[projects]]
  branch = "v2"
  digest = "1:4b4e5848dfe7f316f95f754df071bebfb40cf4482da62e17e7e1aebdf11f4918"
  name = "gopkg.in/yaml.v2"
  packages = ["."]
  pruneopts = ""
  revision = "d670f9405373e636a5a2765eea47fac0c9bc91a4"

[[projects]]
  digest = "1:437572b4a57b97dba20ea4883f4a0b9d2e238078f6bab27c75c7da25843daf77"
  name = "mvdan.cc/xurls"
  packages = ["."]
  pruneopts = ""
  revision = "d315b61cf6727664f310fa87b3197e9faf2a8513"
  version = "v1.1.0"

[solve-meta]
  analyzer-name = "dep"
  analyzer-version = 1
  input-imports = [
    "github.com/Clever/kayvee-go/logger",
    "github.com/Clever/who-is-who/go-client",
    "github.com/davecgh/go-spew/spew",
    "github.com/golang/mock/gomock",
    "github.com/golang/mock/mockgen",
    "github.com/golang/mock/mockgen/model",
    "github.com/golang/protobuf/proto",
    "github.com/google/go-github/github",
    "github.com/google/go-querystring/query",
    "github.com/gorilla/websocket",
    "github.com/hashicorp/go-cleanhttp",
    "github.com/hashicorp/go-retryablehttp",
    "github.com/knq/jwt",
    "github.com/knq/pemutil",
    "github.com/nlopes/slack",
    "github.com/nlopes/slack/slackutilsx",
    "github.com/pkg/errors",
    "github.com/pmezard/go-difflib/difflib",
    "github.com/stretchr/testify/assert",
    "github.com/texttheater/golang-levenshtein/levenshtein",
    "github.com/xeipuuv/gojsonpointer",
    "github.com/xeipuuv/gojsonreference",
    "github.com/xeipuuv/gojsonschema",
    "golang.org/x/net/context",
    "golang.org/x/net/context/ctxhttp",
    "golang.org/x/oauth2",
    "google.golang.org/appengine/urlfetch",
    "gopkg.in/Clever/discovery-go.v1",
    "gopkg.in/Clever/kayvee-go.v6",
    "gopkg.in/Clever/kayvee-go.v6/logger",
    "gopkg.in/Clever/kayvee-go.v6/router",
    "gopkg.in/yaml.v2",
    "mvdan.cc/xurls",
  ]
  solver-name = "gps-cdcl"
  solver-version = 1
